{
  "originHash" : "d00cbc849533f6dece145e24b7012b19871d03caf3441c4dabd7cf4ba75b9f38",
  "pins" : [
    {
      "identity" : "grdb.swift",
      "kind" : "remoteSourceControl",
      "location" : "https://github.com/groue/GRDB.swift.git",
      "state" : {
        "revision" : "9ed8c8457e00ff9c7aedb3bf213f20a2cfdf509e",
        "version" : "7.11.0"
      }
    },
    {
      "identity" : "keyboardshortcuts",
      "kind" : "remoteSourceControl",
      "location" : "https://github.com/sindresorhus/KeyboardShortcuts.git",
      "state" : {
        "revision" : "8c90a95cb9f94d5c26182cb7d447c54ba5416984",
        "version" : "1.9.4"
      }
    }
  ],
  "version" : 3
}
